
Microsoft Visual Studio Solution File, Format Version 12.00
# Visual Studio Version 17
VisualStudioVersion = 17.3.32922.545
MinimumVisualStudioVersion = 10.0.40219.1
Project("{FAE04EC0-301F-11D3-BF4B-00C04F79EFBC}") = "ConsoleApp1", "ConsoleApp1\ConsoleApp1.csproj", "{FE44706A-34DE-4474-997D-BEAD1F730A53}"
EndProject
Global
	GlobalSection(SolutionConfigurationPlatforms) = preSolution
		Debug|Any CPU = Debug|Any CPU
		Release|Any CPU = Release|Any CPU
	EndGlobalSection
	GlobalSection(ProjectConfigurationPlatforms) = postSolution
		{FE44706A-34DE-4474-997D-BEAD1F730A53}.Debug|Any CPU.ActiveCfg = Debug|Any CPU
		{FE44706A-34DE-4474-997D-BEAD1F730A53}.Debug|Any CPU.Build.0 = Debug|Any CPU
		{FE44706A-34DE-4474-997D-BEAD1F730A53}.Release|Any CPU.ActiveCfg = Release|Any CPU
		{FE44706A-34DE-4474-997D-BEAD1F730A53}.Release|Any CPU.Build.0 = Release|Any CPU
	EndGlobalSection
	GlobalSection(SolutionProperties) = preSolution
		HideSolutionNode = FALSE
	EndGlobalSection
	GlobalSection(ExtensibilityGlobals) = postSolution
		SolutionGuid = {28F3D8E5-62E4-4F5F-BA56-6DE07805D9FD}
	EndGlobalSection
EndGlobal
